// !$*UTF8*$!
{
	archiveVersion = 1;
	classes = {
	};
	objectVersion = 50;
	objects = {

/* Begin PBXBuildFile section */
		12373343216DF8D900F27332 /* AppDelegate.m in Sources */ = {isa = PBXBuildFile; fileRef = 12373342216DF8D900F27332 /* AppDelegate.m */; };
		12373346216DF8D900F27332 /* ViewController.m in Sources */ = {isa = PBXBuildFile; fileRef = 12373345216DF8D900F27332 /* ViewController.m */; };
		12373349216DF8D900F27332 /* Main.storyboard in Resources */ = {isa = PBXBuildFile; fileRef = 12373347216DF8D900F27332 /* Main.storyboard */; };
		1237334B216DF8DA00F27332 /* Assets.xcassets in Resources */ = {isa = PBXBuildFile; fileRef = 1237334A216DF8DA00F27332 /* Assets.xcassets */; };
		1237334E216DF8DA00F27332 /* LaunchScreen.storyboard in Resources */ = {isa = PBXBuildFile; fileRef = 1237334C216DF8DA00F27332 /* LaunchScreen.storyboard */; };
		12373351216DF8DA00F27332 /* main.m in Sources */ = {isa = PBXBuildFile; fileRef = 12373350216DF8DA00F27332 /* main.m */; };
		12F3D11D217D9A8900493598 /* SimpleAVPlayer.m in Sources */ = {isa = PBXBuildFile; fileRef = 12F3D11C217D9A8900493598 /* SimpleAVPlayer.m */; };
		12F3D11F217D9AA000493598 /* SimpleAVPlayer.xib in Resources */ = {isa = PBXBuildFile; fileRef = 12F3D11E217D9AA000493598 /* SimpleAVPlayer.xib */; };
		12F3D123217D9C3E00493598 /* NibView.m in Sources */ = {isa = PBXBuildFile; fileRef = 12F3D122217D9C3E00493598 /* NibView.m */; };
		AA678152D26FE443C2E3737D /* libPods-AVPlayerDemo.a in Frameworks */ = {isa = PBXBuildFile; fileRef = 9902A42787FC2EE738690EA3 /* libPods-AVPlayerDemo.a */; };
/* End PBXBuildFile section */

/* Begin PBXFileReference section */
		1237333E216DF8D900F27332 /* AVPlayerDemo.app */ = {isa = PBXFileReference; explicitFileType = wrapper.application; includeInIndex = 0; path = AVPlayerDemo.app; sourceTree = BUILT_PRODUCTS_DIR; };
		12373341216DF8D900F27332 /* AppDelegate.h */ = {isa = PBXFileReference; lastKnownFileType = sourcecode.c.h; path = AppDelegate.h; sourceTree = "<group>"; };
		12373342216DF8D900F27332 /* AppDelegate.m */ = {isa = PBXFileReference; lastKnownFileType = sourcecode.c.objc; path = AppDelegate.m; sourceTree = "<group>"; };
		12373344216DF8D900F27332 /* ViewController.h */ = {isa = PBXFileReference; lastKnownFileType = sourcecode.c.h; path = ViewController.h; sourceTree = "<group>"; };
		12373345216DF8D900F27332 /* ViewController.m */ = {isa = PBXFileReference; lastKnownFileType = sourcecode.c.objc; path = ViewController.m; sourceTree = "<group>"; };
		12373348216DF8D900F27332 /* Base */ = {isa = PBXFileReference; lastKnownFileType = file.storyboard; name = Base; path = Base.lproj/Main.storyboard; sourceTree = "<group>"; };
		1237334A216DF8DA00F27332 /* Assets.xcassets */ = {isa = PBXFileReference; lastKnownFileType = folder.assetcatalog; path = Assets.xcassets; sourceTree = "<group>"; };
		1237334D216DF8DA00F27332 /* Base */ = {isa = PBXFileReference; lastKnownFileType = file.storyboard; name = Base; path = Base.lproj/LaunchScreen.storyboard; sourceTree = "<group>"; };
		1237334F216DF8DA00F27332 /* Info.plist */ = {isa = PBXFileReference; lastKnownFileType = text.plist.xml; path = Info.plist; sourceTree = "<group>"; };
		12373350216DF8DA00F27332 /* main.m */ = {isa = PBXFileReference; lastKnownFileType = sourcecode.c.objc; path = main.m; sourceTree = "<group>"; };
		12F3D118217D731E00493598 /* RACEXTScope.h */ = {isa = PBXFileReference; lastKnownFileType = sourcecode.c.h; path = RACEXTScope.h; sourceTree = "<group>"; };
		12F3D119217D732E00493598 /* RACmetamacros.h */ = {isa = PBXFileReference; lastKnownFileType = sourcecode.c.h; path = RACmetamacros.h; sourceTree = "<group>"; };
		12F3D11B217D9A8900493598 /* SimpleAVPlayer.h */ = {isa = PBXFileReference; lastKnownFileType = sourcecode.c.h; path = SimpleAVPlayer.h; sourceTree = "<group>"; };
		12F3D11C217D9A8900493598 /* SimpleAVPlayer.m */ = {isa = PBXFileReference; lastKnownFileType = sourcecode.c.objc; path = SimpleAVPlayer.m; sourceTree = "<group>"; };
		12F3D11E217D9AA000493598 /* SimpleAVPlayer.xib */ = {isa = PBXFileReference; lastKnownFileType = file.xib; path = SimpleAVPlayer.xib; sourceTree = "<group>"; };
		12F3D121217D9C3E00493598 /* NibView.h */ = {isa = PBXFileReference; fileEncoding = 4; lastKnownFileType = sourcecode.c.h; path = NibView.h; sourceTree = "<group>"; };
		12F3D122217D9C3E00493598 /* NibView.m */ = {isa = PBXFileReference; fileEncoding = 4; lastKnownFileType = sourcecode.c.objc; path = NibView.m; sourceTree = "<group>"; };
		8E382F41D2E572BB29A5E3E1 /* Pods-AVPlayerDemo.release.xcconfig */ = {isa = PBXFileReference; includeInIndex = 1; lastKnownFileType = text.xcconfig; name = "Pods-AVPlayerDemo.release.xcconfig"; path = "Pods/Target Support Files/Pods-AVPlayerDemo/Pods-AVPlayerDemo.release.xcconfig"; sourceTree = "<group>"; };
		9902A42787FC2EE738690EA3 /* libPods-AVPlayerDemo.a */ = {isa = PBXFileReference; explicitFileType = archive.ar; includeInIndex = 0; path = "libPods-AVPlayerDemo.a"; sourceTree = BUILT_PRODUCTS_DIR; };
		FA76BCE691B500E61D3F7669 /* Pods-AVPlayerDemo.debug.xcconfig */ = {isa = PBXFileReference; includeInIndex = 1; lastKnownFileType = text.xcconfig; name = "Pods-AVPlayerDemo.debug.xcconfig"; path = "Pods/Target Support Files/Pods-AVPlayerDemo/Pods-AVPlayerDemo.debug.xcconfig"; sourceTree = "<group>"; };
/* End PBXFileReference section */

/* Begin PBXFrameworksBuildPhase section */
		1237333B216DF8D900F27332 /* Frameworks */ = {
			isa = PBXFrameworksBuildPhase;
			buildActionMask = 2147483647;
			files = (
				AA678152D26FE443C2E3737D /* libPods-AVPlayerDemo.a in Frameworks */,
			);
			runOnlyForDeploymentPostprocessing = 0;
		};
/* End PBXFrameworksBuildPhase section */

/* Begin PBXGroup section */
		12373335216DF8D900F27332 = {
			isa = PBXGroup;
			children = (
				12F3D120217D9C3E00493598 /* NibView */,
				12F3D117217D730E00493598 /* ACEXTScope */,
				12373340216DF8D900F27332 /* AVPlayerDemo */,
				1237333F216DF8D900F27332 /* Products */,
				1608D536BE420F9B486294BE /* Pods */,
				CEC4C3A6511FF96AC89F5300 /* Frameworks */,
			);
			sourceTree = "<group>";
		};
		1237333F216DF8D900F27332 /* Products */ = {
			isa = PBXGroup;
			children = (
				1237333E216DF8D900F27332 /* AVPlayerDemo.app */,
			);
			name = Products;
			sourceTree = "<group>";
		};
		12373340216DF8D900F27332 /* AVPlayerDemo */ = {
			isa = PBXGroup;
			children = (
				12F3D11A217D9A5B00493598 /* SimpleAVPlayer */,
				12373341216DF8D900F27332 /* AppDelegate.h */,
				12373342216DF8D900F27332 /* AppDelegate.m */,
				12373344216DF8D900F27332 /* ViewController.h */,
				12373345216DF8D900F27332 /* ViewController.m */,
				12373347216DF8D900F27332 /* Main.storyboard */,
				1237334A216DF8DA00F27332 /* Assets.xcassets */,
				1237334C216DF8DA00F27332 /* LaunchScreen.storyboard */,
				1237334F216DF8DA00F27332 /* Info.plist */,
				12373350216DF8DA00F27332 /* main.m */,
			);
			path = AVPlayerDemo;
			sourceTree = "<group>";
		};
		12F3D117217D730E00493598 /* ACEXTScope */ = {
			isa = PBXGroup;
			children = (
				12F3D119217D732E00493598 /* RACmetamacros.h */,
				12F3D118217D731E00493598 /* RACEXTScope.h */,
			);
			path = ACEXTScope;
			sourceTree = "<group>";
		};
		12F3D11A217D9A5B00493598 /* SimpleAVPlayer */ = {
			isa = PBXGroup;
			children = (
				12F3D11B217D9A8900493598 /* SimpleAVPlayer.h */,
				12F3D11C217D9A8900493598 /* SimpleAVPlayer.m */,
				12F3D11E217D9AA000493598 /* SimpleAVPlayer.xib */,
			);
			path = SimpleAVPlayer;
			sourceTree = "<group>";
		};
		12F3D120217D9C3E00493598 /* NibView */ = {
			isa = PBXGroup;
			children = (
				12F3D121217D9C3E00493598 /* NibView.h */,
				12F3D122217D9C3E00493598 /* NibView.m */,
			);
			path = NibView;
			sourceTree = "<group>";
		};
		1608D536BE420F9B486294BE /* Pods */ = {
			isa = PBXGroup;
			children = (
				FA76BCE691B500E61D3F7669 /* Pods-AVPlayerDemo.debug.xcconfig */,
				8E382F41D2E572BB29A5E3E1 /* Pods-AVPlayerDemo.release.xcconfig */,
			);
			name = Pods;
			sourceTree = "<group>";
		};
		CEC4C3A6511FF96AC89F5300 /* Frameworks */ = {
			isa = PBXGroup;
			children = (
				9902A42787FC2EE738690EA3 /* libPods-AVPlayerDemo.a */,
			);
			name = Frameworks;
			sourceTree = "<group>";
		};
/* End PBXGroup section */

/* Begin PBXNativeTarget section */
		1237333D216DF8D900F27332 /* AVPlayerDemo */ = {
			isa = PBXNativeTarget;
			buildConfigurationList = 12373354216DF8DA00F27332 /* Build configuration list for PBXNativeTarget "AVPlayerDemo" */;
			buildPhases = (
				B4970EE8DA601BA2C17883AD /* [CP] Check Pods Manifest.lock */,
				1237333A216DF8D900F27332 /* Sources */,
				1237333B216DF8D900F27332 /* Frameworks */,
				1237333C216DF8D900F27332 /* Resources */,
				0630FE0C5DF85AFFD3F330E4 /* [CP] Embed Pods Frameworks */,
				B0D3C335CA82A9760BF92592 /* [CP] Copy Pods Resources */,
			);
			buildRules = (
			);
			dependencies = (
			);
			name = AVPlayerDemo;
			productName = AVPlayerDemo;
			productReference = 1237333E216DF8D900F27332 /* AVPlayerDemo.app */;
			productType = "com.apple.product-type.application";
		};
/* End PBXNativeTarget section */

/* Begin PBXProject section */
		12373336216DF8D900F27332 /* Project object */ = {
			isa = PBXProject;
			attributes = {
				LastUpgradeCheck = 1000;
				ORGANIZATIONNAME = yhy;
				TargetAttributes = {
					1237333D216DF8D900F27332 = {
						CreatedOnToolsVersion = 10.0;
					};
				};
			};
			buildConfigurationList = 12373339216DF8D900F27332 /* Build configuration list for PBXProject "AVPlayerDemo" */;
			compatibilityVersion = "Xcode 9.3";
			developmentRegion = en;
			hasScannedForEncodings = 0;
			knownRegions = (
				en,
				Base,
			);
			mainGroup = 12373335216DF8D900F27332;
			productRefGroup = 1237333F216DF8D900F27332 /* Products */;
			projectDirPath = "";
			projectRoot = "";
			targets = (
				1237333D216DF8D900F27332 /* AVPlayerDemo */,
			);
		};
/* End PBXProject section */

/* Begin PBXResourcesBuildPhase section */
		1237333C216DF8D900F27332 /* Resources */ = {
			isa = PBXResourcesBuildPhase;
			buildActionMask = 2147483647;
			files = (
				1237334E216DF8DA00F27332 /* LaunchScreen.storyboard in Resources */,
				12F3D11F217D9AA000493598 /* SimpleAVPlayer.xib in Resources */,
				1237334B216DF8DA00F27332 /* Assets.xcassets in Resources */,
				12373349216DF8D900F27332 /* Main.storyboard in Resources */,
			);
			runOnlyForDeploymentPostprocessing = 0;
		};
/* End PBXResourcesBuildPhase section */

/* Begin PBXShellScriptBuildPhase section */
		0630FE0C5DF85AFFD3F330E4 /* [CP] Embed Pods Frameworks */ = {
			isa = PBXShellScriptBuildPhase;
			buildActionMask = 2147483647;
			files = (
			);
			inputPaths = (
				"${SRCROOT}/Pods/Target Support Files/Pods-AVPlayerDemo/Pods-AVPlayerDemo-frameworks.sh",
				"${PODS_ROOT}/AliyunPlayer_iOS/AliyunPlayerSDK.framework",
				"${PODS_ROOT}/AliyunPlayer_iOS/AliThirdparty.framework",
				"${PODS_ROOT}/AliyunPlayer_iOS/AliyunVodPlayerSDK.framework",
			);
			name = "[CP] Embed Pods Frameworks";
			outputPaths = (
				"${TARGET_BUILD_DIR}/${FRAMEWORKS_FOLDER_PATH}/AliyunPlayerSDK.framework",
				"${TARGET_BUILD_DIR}/${FRAMEWORKS_FOLDER_PATH}/AliThirdparty.framework",
				"${TARGET_BUILD_DIR}/${FRAMEWORKS_FOLDER_PATH}/AliyunVodPlayerSDK.framework",
			);
			runOnlyForDeploymentPostprocessing = 0;
			shellPath = /bin/sh;
			shellScript = "\"${SRCROOT}/Pods/Target Support Files/Pods-AVPlayerDemo/Pods-AVPlayerDemo-frameworks.sh\"\n";
			showEnvVarsInLog = 0;
		};
		B0D3C335CA82A9760BF92592 /* [CP] Copy Pods Resources */ = {
			isa = PBXShellScriptBuildPhase;
			buildActionMask = 2147483647;
			files = (
			);
			inputPaths = (
				"${SRCROOT}/Pods/Target Support Files/Pods-AVPlayerDemo/Pods-AVPlayerDemo-resources.sh",
				"${PODS_ROOT}/AliyunPlayer_iOS/AliyunLanguageSource.bundle",
			);
			name = "[CP] Copy Pods Resources";
			outputPaths = (
				"${TARGET_BUILD_DIR}/${UNLOCALIZED_RESOURCES_FOLDER_PATH}/AliyunLanguageSource.bundle",
			);
			runOnlyForDeploymentPostprocessing = 0;
			shellPath = /bin/sh;
			shellScript = "\"${SRCROOT}/Pods/Target Support Files/Pods-AVPlayerDemo/Pods-AVPlayerDemo-resources.sh\"\n";
			showEnvVarsInLog = 0;
		};
		B4970EE8DA601BA2C17883AD /* [CP] Check Pods Manifest.lock */ = {
			isa = PBXShellScriptBuildPhase;
			buildActionMask = 2147483647;
			files = (
			);
			inputPaths = (
				"${PODS_PODFILE_DIR_PATH}/Podfile.lock",
				"${PODS_ROOT}/Manifest.lock",
			);
			name = "[CP] Check Pods Manifest.lock";
			outputPaths = (
				"$(DERIVED_FILE_DIR)/Pods-AVPlayerDemo-checkManifestLockResult.txt",
			);
			runOnlyForDeploymentPostprocessing = 0;
			shellPath = /bin/sh;
			shellScript = "diff \"${PODS_PODFILE_DIR_PATH}/Podfile.lock\" \"${PODS_ROOT}/Manifest.lock\" > /dev/null\nif [ $? != 0 ] ; then\n    # print error to STDERR\n    echo \"error: The sandbox is not in sync with the Podfile.lock. Run 'pod install' or update your CocoaPods installation.\" >&2\n    exit 1\nfi\n# This output is used by Xcode 'outputs' to avoid re-running this script phase.\necho \"SUCCESS\" > \"${SCRIPT_OUTPUT_FILE_0}\"\n";
			showEnvVarsInLog = 0;
		};
/* End PBXShellScriptBuildPhase section */

/* Begin PBXSourcesBuildPhase section */
		1237333A216DF8D900F27332 /* Sources */ = {
			isa = PBXSourcesBuildPhase;
			buildActionMask = 2147483647;
			files = (
				12F3D123217D9C3E00493598 /* NibView.m in Sources */,
				12373346216DF8D900F27332 /* ViewController.m in Sources */,
				12F3D11D217D9A8900493598 /* SimpleAVPlayer.m in Sources */,
				12373351216DF8DA00F27332 /* main.m in Sources */,
				12373343216DF8D900F27332 /* AppDelegate.m in Sources */,
			);
			runOnlyForDeploymentPostprocessing = 0;
		};
/* End PBXSourcesBuildPhase section */

/* Begin PBXVariantGroup section */
		12373347216DF8D900F27332 /* Main.storyboard */ = {
			isa = PBXVariantGroup;
			children = (
				12373348216DF8D900F27332 /* Base */,
			);
			name = Main.storyboard;
			sourceTree = "<group>";
		};
		1237334C216DF8DA00F27332 /* LaunchScreen.storyboard */ = {
			isa = PBXVariantGroup;
			children = (
				1237334D216DF8DA00F27332 /* Base */,
			);
			name = LaunchScreen.storyboard;
			sourceTree = "<group>";
		};
/* End PBXVariantGroup section */

/* Begin XCBuildConfiguration section */
		12373352216DF8DA00F27332 /* Debug */ = {
			isa = XCBuildConfiguration;
			buildSettings = {
				ALWAYS_SEARCH_USER_PATHS = NO;
				CLANG_ANALYZER_NONNULL = YES;
				CLANG_ANALYZER_NUMBER_OBJECT_CONVERSION = YES_AGGRESSIVE;
				CLANG_CXX_LANGUAGE_STANDARD = "gnu++14";
				CLANG_CXX_LIBRARY = "libc++";
				CLANG_ENABLE_MODULES = YES;
				CLANG_ENABLE_OBJC_ARC = YES;
				CLANG_ENABLE_OBJC_WEAK = YES;
				CLANG_WARN_BLOCK_CAPTURE_AUTORELEASING = YES;
				CLANG_WARN_BOOL_CONVERSION = YES;
				CLANG_WARN_COMMA = YES;
				CLANG_WARN_CONSTANT_CONVERSION = YES;
				CLANG_WARN_DEPRECATED_OBJC_IMPLEMENTATIONS = YES;
				CLANG_WARN_DIRECT_OBJC_ISA_USAGE = YES_ERROR;
				CLANG_WARN_DOCUMENTATION_COMMENTS = YES;
				CLANG_WARN_EMPTY_BODY = YES;
				CLANG_WARN_ENUM_CONVERSION = YES;
				CLANG_WARN_INFINITE_RECURSION = YES;
				CLANG_WARN_INT_CONVERSION = YES;
				CLANG_WARN_NON_LITERAL_NULL_CONVERSION = YES;
				CLANG_WARN_OBJC_IMPLICIT_RETAIN_SELF = YES;
				CLANG_WARN_OBJC_LITERAL_CONVERSION = YES;
				CLANG_WARN_OBJC_ROOT_CLASS = YES_ERROR;
				CLANG_WARN_RANGE_LOOP_ANALYSIS = YES;
				CLANG_WARN_STRICT_PROTOTYPES = YES;
				CLANG_WARN_SUSPICIOUS_MOVE = YES;
				CLANG_WARN_UNGUARDED_AVAILABILITY = YES_AGGRESSIVE;
				CLANG_WARN_UNREACHABLE_CODE = YES;
				CLANG_WARN__DUPLICATE_METHOD_MATCH = YES;
				CODE_SIGN_IDENTITY = "iPhone Developer";
				COPY_PHASE_STRIP = NO;
				DEBUG_INFORMATION_FORMAT = dwarf;
				ENABLE_STRICT_OBJC_MSGSEND = YES;
				ENABLE_TESTABILITY = YES;
				GCC_C_LANGUAGE_STANDARD = gnu11;
				GCC_DYNAMIC_NO_PIC = NO;
				GCC_NO_COMMON_BLOCKS = YES;
				GCC_OPTIMIZATION_LEVEL = 0;
				GCC_PREPROCESSOR_DEFINITIONS = (
					"DEBUG=1",
					"$(inherited)",
				);
				GCC_WARN_64_TO_32_BIT_CONVERSION = YES;
				GCC_WARN_ABOUT_RETURN_TYPE = YES_ERROR;
				GCC_WARN_UNDECLARED_SELECTOR = YES;
				GCC_WARN_UNINITIALIZED_AUTOS = YES_AGGRESSIVE;
				GCC_WARN_UNUSED_FUNCTION = YES;
				GCC_WARN_UNUSED_VARIABLE = YES;
				IPHONEOS_DEPLOYMENT_TARGET = 12.0;
				MTL_ENABLE_DEBUG_INFO = INCLUDE_SOURCE;
				MTL_FAST_MATH = YES;
				ONLY_ACTIVE_ARCH = YES;
				SDKROOT = iphoneos;
			};
			name = Debug;
		};
		12373353216DF8DA00F27332 /* Release */ = {
			isa = XCBuildConfiguration;
			buildSettings = {
				ALWAYS_SEARCH_USER_PATHS = NO;
				CLANG_ANALYZER_NONNULL = YES;
				CLANG_ANALYZER_NUMBER_OBJECT_CONVERSION = YES_AGGRESSIVE;
				CLANG_CXX_LANGUAGE_STANDARD = "gnu++14";
				CLANG_CXX_LIBRARY = "libc++";
				CLANG_ENABLE_MODULES = YES;
				CLANG_ENABLE_OBJC_ARC = YES;
				CLANG_ENABLE_OBJC_WEAK = YES;
				CLANG_WARN_BLOCK_CAPTURE_AUTORELEASING = YES;
				CLANG_WARN_BOOL_CONVERSION = YES;
				CLANG_WARN_COMMA = YES;
				CLANG_WARN_CONSTANT_CONVERSION = YES;
				CLANG_WARN_DEPRECATED_OBJC_IMPLEMENTATIONS = YES;
				CLANG_WARN_DIRECT_OBJC_ISA_USAGE = YES_ERROR;
				CLANG_WARN_DOCUMENTATION_COMMENTS = YES;
				CLANG_WARN_EMPTY_BODY = YES;
				CLANG_WARN_ENUM_CONVERSION = YES;
				CLANG_WARN_INFINITE_RECURSION = YES;
				CLANG_WARN_INT_CONVERSION = YES;
				CLANG_WARN_NON_LITERAL_NULL_CONVERSION = YES;
				CLANG_WARN_OBJC_IMPLICIT_RETAIN_SELF = YES;
				CLANG_WARN_OBJC_LITERAL_CONVERSION = YES;
				CLANG_WARN_OBJC_ROOT_CLASS = YES_ERROR;
				CLANG_WARN_RANGE_LOOP_ANALYSIS = YES;
				CLANG_WARN_STRICT_PROTOTYPES = YES;
				CLANG_WARN_SUSPICIOUS_MOVE = YES;
				CLANG_WARN_UNGUARDED_AVAILABILITY = YES_AGGRESSIVE;
				CLANG_WARN_UNREACHABLE_CODE = YES;
				CLANG_WARN__DUPLICATE_METHOD_MATCH = YES;
				CODE_SIGN_IDENTITY = "iPhone Developer";
				COPY_PHASE_STRIP = NO;
				DEBUG_INFORMATION_FORMAT = "dwarf-with-dsym";
				ENABLE_NS_ASSERTIONS = NO;
				ENABLE_STRICT_OBJC_MSGSEND = YES;
				GCC_C_LANGUAGE_STANDARD = gnu11;
				GCC_NO_COMMON_BLOCKS = YES;
				GCC_WARN_64_TO_32_BIT_CONVERSION = YES;
				GCC_WARN_ABOUT_RETURN_TYPE = YES_ERROR;
				GCC_WARN_UNDECLARED_SELECTOR = YES;
				GCC_WARN_UNINITIALIZED_AUTOS = YES_AGGRESSIVE;
				GCC_WARN_UNUSED_FUNCTION = YES;
				GCC_WARN_UNUSED_VARIABLE = YES;
				IPHONEOS_DEPLOYMENT_TARGET = 12.0;
				MTL_ENABLE_DEBUG_INFO = NO;
				MTL_FAST_MATH = YES;
				SDKROOT = iphoneos;
				VALIDATE_PRODUCT = YES;
			};
			name = Release;
		};
		12373355216DF8DA00F27332 /* Debug */ = {
			isa = XCBuildConfiguration;
			baseConfigurationReference = FA76BCE691B500E61D3F7669 /* Pods-AVPlayerDemo.debug.xcconfig */;
			buildSettings = {
				ASSETCATALOG_COMPILER_APPICON_NAME = AppIcon;
				CODE_SIGN_STYLE = Automatic;
				DEVELOPMENT_TEAM = X27N83WRQ6;
				INFOPLIST_FILE = AVPlayerDemo/Info.plist;
				IPHONEOS_DEPLOYMENT_TARGET = 9.3;
				LD_RUNPATH_SEARCH_PATHS = (
					"$(inherited)",
					"@executable_path/Frameworks",
				);
				OTHER_LDFLAGS = (
					"$(inherited)",
					"-ObjC",
					"-framework",
					"\"AVFoundation\"",
					"-framework",
					"\"AliThirdparty\"",
					"-framework",
					"\"AliyunPlayerSDK\"",
					"-framework",
					"\"AliyunVodPlayerSDK\"",
					"-framework",
					"\"AudioToolbox\"",
					"-framework",
					"\"CoreGraphics\"",
					"-framework",
					"\"CoreMedia\"",
					"-framework",
					"\"CoreVideo\"",
					"-framework",
					"\"MediaPlayer\"",
					"-framework",
					"\"OpenGLES\"",
					"-framework",
					"\"QuartzCore\"",
					"-framework",
					"\"VideoToolbox\"",
					"-all_load",
				);
				PRODUCT_BUNDLE_IDENTIFIER = net.mapout.AVPlayerDemo;
				PRODUCT_NAME = "$(TARGET_NAME)";
				TARGETED_DEVICE_FAMILY = "1,2";
			};
			name = Debug;
		};
		12373356216DF8DA00F27332 /* Release */ = {
			isa = XCBuildConfiguration;
			baseConfigurationReference = 8E382F41D2E572BB29A5E3E1 /* Pods-AVPlayerDemo.release.xcconfig */;
			buildSettings = {
				ASSETCATALOG_COMPILER_APPICON_NAME = AppIcon;
				CODE_SIGN_STYLE = Automatic;
				DEVELOPMENT_TEAM = X27N83WRQ6;
				INFOPLIST_FILE = AVPlayerDemo/Info.plist;
				IPHONEOS_DEPLOYMENT_TARGET = 9.3;
				LD_RUNPATH_SEARCH_PATHS = (
					"$(inherited)",
					"@executable_path/Frameworks",
				);
				OTHER_LDFLAGS = (
					"$(inherited)",
					"-ObjC",
					"-framework",
					"\"AVFoundation\"",
					"-framework",
					"\"AliThirdparty\"",
					"-framework",
					"\"AliyunPlayerSDK\"",
					"-framework",
					"\"AliyunVodPlayerSDK\"",
					"-framework",
					"\"AudioToolbox\"",
					"-framework",
					"\"CoreGraphics\"",
					"-framework",
					"\"CoreMedia\"",
					"-framework",
					"\"CoreVideo\"",
					"-framework",
					"\"MediaPlayer\"",
					"-framework",
					"\"OpenGLES\"",
					"-framework",
					"\"QuartzCore\"",
					"-framework",
					"\"VideoToolbox\"",
					"-all_load",
				);
				PRODUCT_BUNDLE_IDENTIFIER = net.mapout.AVPlayerDemo;
				PRODUCT_NAME = "$(TARGET_NAME)";
				TARGETED_DEVICE_FAMILY = "1,2";
			};
			name = Release;
		};
/* End XCBuildConfiguration section */

/* Begin XCConfigurationList section */
		12373339216DF8D900F27332 /* Build configuration list for PBXProject "AVPlayerDemo" */ = {
			isa = XCConfigurationList;
			buildConfigurations = (
				12373352216DF8DA00F27332 /* Debug */,
				12373353216DF8DA00F27332 /* Release */,
			);
			defaultConfigurationIsVisible = 0;
			defaultConfigurationName = Release;
		};
		12373354216DF8DA00F27332 /* Build configuration list for PBXNativeTarget "AVPlayerDemo" */ = {
			isa = XCConfigurationList;
			buildConfigurations = (
				12373355216DF8DA00F27332 /* Debug */,
				12373356216DF8DA00F27332 /* Release */,
			);
			defaultConfigurationIsVisible = 0;
			defaultConfigurationName = Release;
		};
/* End XCConfigurationList section */
	};
	rootObject = 12373336216DF8D900F27332 /* Project object */;
}
